
Microsoft Visual Studio Solution File, Format Version 12.00
# Visual Studio Version 17
VisualStudioVersion = 17.0.31903.59
MinimumVisualStudioVersion = 10.0.40219.1
Project("{FAE04EC0-301F-11D3-BF4B-00C04F79EFBC}") = "TrueText", "TrueText\TrueText.csproj", "{FA99438B-7762-4498-B6D9-7C28EF4471F0}"
EndProject
Project("{FAE04EC0-301F-11D3-BF4B-00C04F79EFBC}") = "TrueTextTests", "TrueTextTests\TrueTextTests.csproj", "{14976C5B-39F3-4FCF-9CDC-437971B3D885}"
EndProject
Global
	GlobalSection(SolutionConfigurationPlatforms) = preSolution
		Debug|Any CPU = Debug|Any CPU
		Release|Any CPU = Release|Any CPU
	EndGlobalSection
	GlobalSection(SolutionProperties) = preSolution
		HideSolutionNode = FALSE
	EndGlobalSection
	GlobalSection(ProjectConfigurationPlatforms) = postSolution
		{FA99438B-7762-4498-B6D9-7C28EF4471F0}.Debug|Any CPU.ActiveCfg = Debug|Any CPU
		{FA99438B-7762-4498-B6D9-7C28EF4471F0}.Debug|Any CPU.Build.0 = Debug|Any CPU
		{FA99438B-7762-4498-B6D9-7C28EF4471F0}.Release|Any CPU.ActiveCfg = Release|Any CPU
		{FA99438B-7762-4498-B6D9-7C28EF4471F0}.Release|Any CPU.Build.0 = Release|Any CPU
		{14976C5B-39F3-4FCF-9CDC-437971B3D885}.Debug|Any CPU.ActiveCfg = Debug|Any CPU
		{14976C5B-39F3-4FCF-9CDC-437971B3D885}.Debug|Any CPU.Build.0 = Debug|Any CPU
		{14976C5B-39F3-4FCF-9CDC-437971B3D885}.Release|Any CPU.ActiveCfg = Release|Any CPU
		{14976C5B-39F3-4FCF-9CDC-437971B3D885}.Release|Any CPU.Build.0 = Release|Any CPU
	EndGlobalSection
EndGlobal
